
Microsoft Visual Studio Solution File, Format Version 12.00
# Visual Studio Version 17
VisualStudioVersion = 17.0.32014.148
MinimumVisualStudioVersion = 10.0.40219.1
Project("{FAE04EC0-301F-11D3-BF4B-00C04F79EFBC}") = "apple3", "apple3\apple3.csproj", "{DFE9B00D-56AF-4412-A7B0-3EA372E07004}"
EndProject
Global
	GlobalSection(SolutionConfigurationPlatforms) = preSolution
		Debug|Any CPU = Debug|Any CPU
		Release|Any CPU = Release|Any CPU
	EndGlobalSection
	GlobalSection(ProjectConfigurationPlatforms) = postSolution
		{DFE9B00D-56AF-4412-A7B0-3EA372E07004}.Debug|Any CPU.ActiveCfg = Debug|Any CPU
		{DFE9B00D-56AF-4412-A7B0-3EA372E07004}.Debug|Any CPU.Build.0 = Debug|Any CPU
		{DFE9B00D-56AF-4412-A7B0-3EA372E07004}.Release|Any CPU.ActiveCfg = Release|Any CPU
		{DFE9B00D-56AF-4412-A7B0-3EA372E07004}.Release|Any CPU.Build.0 = Release|Any CPU
	EndGlobalSection
	GlobalSection(SolutionProperties) = preSolution
		HideSolutionNode = FALSE
	EndGlobalSection
	GlobalSection(ExtensibilityGlobals) = postSolution
		SolutionGuid = {36889A8A-44C9-4D7E-9A35-17124A809227}
	EndGlobalSection
EndGlobal
